
Microsoft Visual Studio Solution File, Format Version 12.00
# Visual Studio Version 17
VisualStudioVersion = 17.9.34723.18
MinimumVisualStudioVersion = 10.0.40219.1
Project("{FAE04EC0-301F-11D3-BF4B-00C04F79EFBC}") = "logInFormTest1", "logInFormTest1\logInFormTest1.csproj", "{4EAF8602-1751-48B4-9DAA-9B50A157DB06}"
EndProject
Global
	GlobalSection(SolutionConfigurationPlatforms) = preSolution
		Debug|Any CPU = Debug|Any CPU
		Release|Any CPU = Release|Any CPU
	EndGlobalSection
	GlobalSection(ProjectConfigurationPlatforms) = postSolution
		{4EAF8602-1751-48B4-9DAA-9B50A157DB06}.Debug|Any CPU.ActiveCfg = Debug|Any CPU
		{4EAF8602-1751-48B4-9DAA-9B50A157DB06}.Debug|Any CPU.Build.0 = Debug|Any CPU
		{4EAF8602-1751-48B4-9DAA-9B50A157DB06}.Release|Any CPU.ActiveCfg = Release|Any CPU
		{4EAF8602-1751-48B4-9DAA-9B50A157DB06}.Release|Any CPU.Build.0 = Release|Any CPU
	EndGlobalSection
	GlobalSection(SolutionProperties) = preSolution
		HideSolutionNode = FALSE
	EndGlobalSection
	GlobalSection(ExtensibilityGlobals) = postSolution
		SolutionGuid = {C9E56D6C-B5EF-4C24-9ACD-C0E844E1293D}
	EndGlobalSection
EndGlobal
